
Microsoft Visual Studio Solution File, Format Version 12.00
# Visual Studio Version 16
VisualStudioVersion = 16.0.32106.194
MinimumVisualStudioVersion = 10.0.40219.1
Project("{9A19103F-16F7-4668-BE54-9A1E7A4F7556}") = "Test", "Test\Test.csproj", "{B36B7609-7EEA-4388-AA98-C25A7DF02658}"
EndProject
Global
	GlobalSection(SolutionConfigurationPlatforms) = preSolution
		Debug|Any CPU = Debug|Any CPU
		Release|Any CPU = Release|Any CPU
	EndGlobalSection
	GlobalSection(ProjectConfigurationPlatforms) = postSolution
		{B36B7609-7EEA-4388-AA98-C25A7DF02658}.Debug|Any CPU.ActiveCfg = Debug|Any CPU
		{B36B7609-7EEA-4388-AA98-C25A7DF02658}.Debug|Any CPU.Build.0 = Debug|Any CPU
		{B36B7609-7EEA-4388-AA98-C25A7DF02658}.Release|Any CPU.ActiveCfg = Release|Any CPU
		{B36B7609-7EEA-4388-AA98-C25A7DF02658}.Release|Any CPU.Build.0 = Release|Any CPU
	EndGlobalSection
	GlobalSection(SolutionProperties) = preSolution
		HideSolutionNode = FALSE
	EndGlobalSection
	GlobalSection(ExtensibilityGlobals) = postSolution
		SolutionGuid = {94800160-7195-4B5D-834D-D6826813CF45}
	EndGlobalSection
EndGlobal
